# This file was autogenerated by Stack.
# You should not edit this file by hand.
# For more information, please see the documentation at:
#   https://docs.haskellstack.org/en/stable/lock_files

packages:
- completed:
    hackage: slick-1.2.1.0@sha256:d93072d73598db6158a537a6498c842af20bca700bc2093e8aca61e09173e105,1312
    pantry-tree:
      sha256: 4da4f6cab3fbb387cd07c30f2d49c530e1c65ad9899f8383883d53d8948a19c1
      size: 602
  original:
    hackage: slick-1.2.1.0@sha256:d93072d73598db6158a537a6498c842af20bca700bc2093e8aca61e09173e105,1312
snapshots:
- completed:
    sha256: 8e7996960d864443a66eb4105338bbdd6830377b9f6f99cd5527ef73c10c01e7
    size: 719128
    url: https://raw.githubusercontent.com/commercialhaskell/stackage-snapshots/master/lts/22/26.yaml
  original: lts-22.26
