# This file was autogenerated by Stack.
# You should not edit this file by hand.
# For more information, please see the documentation at:
#   https://docs.haskellstack.org/en/stable/lock_files

packages:
- completed:
    hackage: slick-1.0.1.0@sha256:431013d1e03f7f7360894732b28deede944330b22e940e7579d8056dc37693b0,1307
    pantry-tree:
      size: 601
      sha256: df09921a3e414b9ef1873da1ea5b5cadc4a01669f474f64224e5f7a85eb16580
  original:
    hackage: slick-1.0.1.0@sha256:431013d1e03f7f7360894732b28deede944330b22e940e7579d8056dc37693b0,1307
snapshots:
- completed:
    size: 523448
    url: https://raw.githubusercontent.com/commercialhaskell/stackage-snapshots/master/lts/14/1.yaml
    sha256: 0045b9bae36c3bb2dd374c29b586389845af1557eea0423958d152fc500d4fbf
  original: lts-14.1
